
Microsoft Visual Studio Solution File, Format Version 12.00
# Visual Studio 15
Project("{FAE04EC0-301F-11D3-BF4B-00C04F79EFBC}") = "ColumnsCave", "ColumnsCave.csproj", "{85B4428B-AB6B-F0E8-BB73-65845A976EAE}"
EndProject
Project("{FAE04EC0-301F-11D3-BF4B-00C04F79EFBC}") = "ColumnsCave.Editor", "ColumnsCave.Editor.csproj", "{831BC0BA-72D0-BFE8-206F-5113BFF1EB42}"
EndProject
Global
	GlobalSection(SolutionConfigurationPlatforms) = preSolution
		Debug|Any CPU = Debug|Any CPU
		Release|Any CPU = Release|Any CPU
	EndGlobalSection
	GlobalSection(ProjectConfigurationPlatforms) = postSolution
		{85B4428B-AB6B-F0E8-BB73-65845A976EAE}.Debug|Any CPU.ActiveCfg = Debug|Any CPU
		{85B4428B-AB6B-F0E8-BB73-65845A976EAE}.Debug|Any CPU.Build.0 = Debug|Any CPU
		{85B4428B-AB6B-F0E8-BB73-65845A976EAE}.Release|Any CPU.ActiveCfg = Release|Any CPU
		{85B4428B-AB6B-F0E8-BB73-65845A976EAE}.Release|Any CPU.Build.0 = Release|Any CPU
		{831BC0BA-72D0-BFE8-206F-5113BFF1EB42}.Debug|Any CPU.ActiveCfg = Debug|Any CPU
		{831BC0BA-72D0-BFE8-206F-5113BFF1EB42}.Debug|Any CPU.Build.0 = Debug|Any CPU
		{831BC0BA-72D0-BFE8-206F-5113BFF1EB42}.Release|Any CPU.ActiveCfg = Release|Any CPU
		{831BC0BA-72D0-BFE8-206F-5113BFF1EB42}.Release|Any CPU.Build.0 = Release|Any CPU
	EndGlobalSection
	GlobalSection(SolutionProperties) = preSolution
		HideSolutionNode = FALSE
	EndGlobalSection
EndGlobal
